
Microsoft Visual Studio Solution File, Format Version 12.00
Project("{2150E333-8FDC-42A3-9474-1A3956D46DE8}") = "Presentations", "Presentations", "{D587A92D-E986-46F9-B99A-9ECB5B48926C}"
EndProject
Project("{2150E333-8FDC-42A3-9474-1A3956D46DE8}") = "Source", "Source", "{448F0275-42D5-48D2-BF4B-C1050809AAAC}"
EndProject
Project("{2150E333-8FDC-42A3-9474-1A3956D46DE8}") = "Core", "Core", "{B762CF92-EF2B-4A1C-A105-1EA171F673F5}"
EndProject
Project("{2150E333-8FDC-42A3-9474-1A3956D46DE8}") = "Migrators", "Migrators", "{4DACF944-46A3-4FCE-8EC3-EFAB13634AD7}"
EndProject
Project("{FAE04EC0-301F-11D3-BF4B-00C04F79EFBC}") = "BaseProject.Domain", "BaseProject.Domain\BaseProject.Domain.csproj", "{09A2DAC7-1372-40E8-8D16-546D1EDE8554}"
EndProject
Project("{FAE04EC0-301F-11D3-BF4B-00C04F79EFBC}") = "BaseProject.Infrastructure", "BaseProject.Infrastructure\BaseProject.Infrastructure.csproj", "{BF6E87A7-A7C8-476F-A596-C96323C1C187}"
EndProject
Project("{FAE04EC0-301F-11D3-BF4B-00C04F79EFBC}") = "BaseProject.Application", "BaseProject.Application\BaseProject.Application.csproj", "{91AE8630-FC25-4D7A-8275-F67B7512C7B4}"
EndProject
Project("{FAE04EC0-301F-11D3-BF4B-00C04F79EFBC}") = "Migratiors.Local", "Migratiors.Local\Migratiors.Local.csproj", "{14FBADF2-FC66-4177-B39B-5AFD391B76F7}"
EndProject
Project("{FAE04EC0-301F-11D3-BF4B-00C04F79EFBC}") = "BaseProject.WebAPI", "BaseProject.WebAPI\BaseProject.WebAPI.csproj", "{FD717DDE-5638-463D-9295-104536C1C87E}"
EndProject
Project("{2150E333-8FDC-42A3-9474-1A3956D46DE8}") = "Shared", "Shared", "{354140E3-5D02-49C9-86C2-E8FC078F10DB}"
EndProject
Project("{FAE04EC0-301F-11D3-BF4B-00C04F79EFBC}") = "Shared", "Shared\Shared.csproj", "{D162C77D-7271-42CD-97E0-2EBA7EFBC961}"
EndProject
Project("{2150E333-8FDC-42A3-9474-1A3956D46DE8}") = "Gateways", "Gateways", "{A9E63D2C-ED2D-4137-B5DE-C9B5A4E7E7FC}"
EndProject
Project("{FAE04EC0-301F-11D3-BF4B-00C04F79EFBC}") = "BaseProject.Gateway", "BaseProject.Gateway\BaseProject.Gateway.csproj", "{E3ED012E-A6CD-48CD-96D9-FAEAAAD20AC2}"
EndProject
Project("{FAE04EC0-301F-11D3-BF4B-00C04F79EFBC}") = "BaseProject.IdentityAPI", "BaseProject.IdentityAPI\BaseProject.IdentityAPI.csproj", "{02987D3A-CA82-468A-9B52-4298C9ABA55B}"
EndProject
Global
	GlobalSection(SolutionConfigurationPlatforms) = preSolution
		Debug|Any CPU = Debug|Any CPU
		Release|Any CPU = Release|Any CPU
	EndGlobalSection
	GlobalSection(NestedProjects) = preSolution
		{B762CF92-EF2B-4A1C-A105-1EA171F673F5} = {448F0275-42D5-48D2-BF4B-C1050809AAAC}
		{4DACF944-46A3-4FCE-8EC3-EFAB13634AD7} = {448F0275-42D5-48D2-BF4B-C1050809AAAC}
		{09A2DAC7-1372-40E8-8D16-546D1EDE8554} = {448F0275-42D5-48D2-BF4B-C1050809AAAC}
		{BF6E87A7-A7C8-476F-A596-C96323C1C187} = {448F0275-42D5-48D2-BF4B-C1050809AAAC}
		{91AE8630-FC25-4D7A-8275-F67B7512C7B4} = {B762CF92-EF2B-4A1C-A105-1EA171F673F5}
		{14FBADF2-FC66-4177-B39B-5AFD391B76F7} = {4DACF944-46A3-4FCE-8EC3-EFAB13634AD7}
		{FD717DDE-5638-463D-9295-104536C1C87E} = {D587A92D-E986-46F9-B99A-9ECB5B48926C}
		{354140E3-5D02-49C9-86C2-E8FC078F10DB} = {448F0275-42D5-48D2-BF4B-C1050809AAAC}
		{D162C77D-7271-42CD-97E0-2EBA7EFBC961} = {354140E3-5D02-49C9-86C2-E8FC078F10DB}
		{E3ED012E-A6CD-48CD-96D9-FAEAAAD20AC2} = {A9E63D2C-ED2D-4137-B5DE-C9B5A4E7E7FC}
		{02987D3A-CA82-468A-9B52-4298C9ABA55B} = {D587A92D-E986-46F9-B99A-9ECB5B48926C}
	EndGlobalSection
	GlobalSection(ProjectConfigurationPlatforms) = postSolution
		{09A2DAC7-1372-40E8-8D16-546D1EDE8554}.Debug|Any CPU.ActiveCfg = Debug|Any CPU
		{09A2DAC7-1372-40E8-8D16-546D1EDE8554}.Debug|Any CPU.Build.0 = Debug|Any CPU
		{09A2DAC7-1372-40E8-8D16-546D1EDE8554}.Release|Any CPU.ActiveCfg = Release|Any CPU
		{09A2DAC7-1372-40E8-8D16-546D1EDE8554}.Release|Any CPU.Build.0 = Release|Any CPU
		{BF6E87A7-A7C8-476F-A596-C96323C1C187}.Debug|Any CPU.ActiveCfg = Debug|Any CPU
		{BF6E87A7-A7C8-476F-A596-C96323C1C187}.Debug|Any CPU.Build.0 = Debug|Any CPU
		{BF6E87A7-A7C8-476F-A596-C96323C1C187}.Release|Any CPU.ActiveCfg = Release|Any CPU
		{BF6E87A7-A7C8-476F-A596-C96323C1C187}.Release|Any CPU.Build.0 = Release|Any CPU
		{91AE8630-FC25-4D7A-8275-F67B7512C7B4}.Debug|Any CPU.ActiveCfg = Debug|Any CPU
		{91AE8630-FC25-4D7A-8275-F67B7512C7B4}.Debug|Any CPU.Build.0 = Debug|Any CPU
		{91AE8630-FC25-4D7A-8275-F67B7512C7B4}.Release|Any CPU.ActiveCfg = Release|Any CPU
		{91AE8630-FC25-4D7A-8275-F67B7512C7B4}.Release|Any CPU.Build.0 = Release|Any CPU
		{14FBADF2-FC66-4177-B39B-5AFD391B76F7}.Debug|Any CPU.ActiveCfg = Debug|Any CPU
		{14FBADF2-FC66-4177-B39B-5AFD391B76F7}.Debug|Any CPU.Build.0 = Debug|Any CPU
		{14FBADF2-FC66-4177-B39B-5AFD391B76F7}.Release|Any CPU.ActiveCfg = Release|Any CPU
		{14FBADF2-FC66-4177-B39B-5AFD391B76F7}.Release|Any CPU.Build.0 = Release|Any CPU
		{FD717DDE-5638-463D-9295-104536C1C87E}.Debug|Any CPU.ActiveCfg = Debug|Any CPU
		{FD717DDE-5638-463D-9295-104536C1C87E}.Debug|Any CPU.Build.0 = Debug|Any CPU
		{FD717DDE-5638-463D-9295-104536C1C87E}.Release|Any CPU.ActiveCfg = Release|Any CPU
		{FD717DDE-5638-463D-9295-104536C1C87E}.Release|Any CPU.Build.0 = Release|Any CPU
		{D162C77D-7271-42CD-97E0-2EBA7EFBC961}.Debug|Any CPU.ActiveCfg = Debug|Any CPU
		{D162C77D-7271-42CD-97E0-2EBA7EFBC961}.Debug|Any CPU.Build.0 = Debug|Any CPU
		{D162C77D-7271-42CD-97E0-2EBA7EFBC961}.Release|Any CPU.ActiveCfg = Release|Any CPU
		{D162C77D-7271-42CD-97E0-2EBA7EFBC961}.Release|Any CPU.Build.0 = Release|Any CPU
		{E3ED012E-A6CD-48CD-96D9-FAEAAAD20AC2}.Debug|Any CPU.ActiveCfg = Debug|Any CPU
		{E3ED012E-A6CD-48CD-96D9-FAEAAAD20AC2}.Debug|Any CPU.Build.0 = Debug|Any CPU
		{E3ED012E-A6CD-48CD-96D9-FAEAAAD20AC2}.Release|Any CPU.ActiveCfg = Release|Any CPU
		{E3ED012E-A6CD-48CD-96D9-FAEAAAD20AC2}.Release|Any CPU.Build.0 = Release|Any CPU
		{02987D3A-CA82-468A-9B52-4298C9ABA55B}.Debug|Any CPU.ActiveCfg = Debug|Any CPU
		{02987D3A-CA82-468A-9B52-4298C9ABA55B}.Debug|Any CPU.Build.0 = Debug|Any CPU
		{02987D3A-CA82-468A-9B52-4298C9ABA55B}.Release|Any CPU.ActiveCfg = Release|Any CPU
		{02987D3A-CA82-468A-9B52-4298C9ABA55B}.Release|Any CPU.Build.0 = Release|Any CPU
	EndGlobalSection
EndGlobal
